
Microsoft Visual Studio Solution File, Format Version 12.00
# Visual Studio 15
VisualStudioVersion = 15.0.28307.136
MinimumVisualStudioVersion = 10.0.40219.1
Project("{2150E333-8FDC-42A3-9474-1A3956D46DE8}") = "1 - Presentation", "1 - Presentation", "{F61F13E3-27BD-420B-9E67-812F6F6F8D86}"
EndProject
Project("{2150E333-8FDC-42A3-9474-1A3956D46DE8}") = "2 - Services", "2 - Services", "{8EEE256D-A961-4365-B40E-78B29E6E42BA}"
EndProject
Project("{2150E333-8FDC-42A3-9474-1A3956D46DE8}") = "3 - Applications", "3 - Applications", "{60A7B892-B046-4C15-8CA3-1EF9D547AFC3}"
EndProject
Project("{2150E333-8FDC-42A3-9474-1A3956D46DE8}") = "4 - Domain", "4 - Domain", "{1B0D3F94-69AE-46F6-BF27-A5644F343E74}"
EndProject
Project("{2150E333-8FDC-42A3-9474-1A3956D46DE8}") = "5 - Infra", "5 - Infra", "{ACF8E11E-B8E9-4029-908C-78292FAFEAEC}"
EndProject
Project("{2150E333-8FDC-42A3-9474-1A3956D46DE8}") = "5.1 - Data", "5.1 - Data", "{05679B78-13A6-4C8D-9FD2-A6B63CF19FCC}"
EndProject
Project("{2150E333-8FDC-42A3-9474-1A3956D46DE8}") = "5.2 - CrossCuting", "5.2 - CrossCuting", "{3C7FA857-B311-4E53-AF47-6AB08FA394F7}"
EndProject
Project("{2150E333-8FDC-42A3-9474-1A3956D46DE8}") = "6 - Tests", "6 - Tests", "{6F8085D4-B96D-4A8D-B466-ED35DDFEF7F6}"
EndProject
Project("{FAE04EC0-301F-11D3-BF4B-00C04F79EFBC}") = "DR.Condominus.Infra.Data", "src\DR.Condominus.Infra.Data\DR.Condominus.Infra.Data.csproj", "{51047FF8-1D84-486F-BC58-F6CDC7B0F74F}"
EndProject
Project("{FAE04EC0-301F-11D3-BF4B-00C04F79EFBC}") = "DR.Condominus.Domain", "src\DR.Condominus.Domain\DR.Condominus.Domain.csproj", "{142C904B-6790-44AD-9154-4F82A81F0B46}"
EndProject
Project("{FAE04EC0-301F-11D3-BF4B-00C04F79EFBC}") = "DR.Condominus.Application", "src\DR.Condominus.Application\DR.Condominus.Application.csproj", "{9D5CA7A7-EEA2-422D-B5EC-F148B8E311A1}"
EndProject
Global
	GlobalSection(SolutionConfigurationPlatforms) = preSolution
		Debug|Any CPU = Debug|Any CPU
		Release|Any CPU = Release|Any CPU
	EndGlobalSection
	GlobalSection(ProjectConfigurationPlatforms) = postSolution
		{51047FF8-1D84-486F-BC58-F6CDC7B0F74F}.Debug|Any CPU.ActiveCfg = Debug|Any CPU
		{51047FF8-1D84-486F-BC58-F6CDC7B0F74F}.Debug|Any CPU.Build.0 = Debug|Any CPU
		{51047FF8-1D84-486F-BC58-F6CDC7B0F74F}.Release|Any CPU.ActiveCfg = Release|Any CPU
		{51047FF8-1D84-486F-BC58-F6CDC7B0F74F}.Release|Any CPU.Build.0 = Release|Any CPU
		{142C904B-6790-44AD-9154-4F82A81F0B46}.Debug|Any CPU.ActiveCfg = Debug|Any CPU
		{142C904B-6790-44AD-9154-4F82A81F0B46}.Debug|Any CPU.Build.0 = Debug|Any CPU
		{142C904B-6790-44AD-9154-4F82A81F0B46}.Release|Any CPU.ActiveCfg = Release|Any CPU
		{142C904B-6790-44AD-9154-4F82A81F0B46}.Release|Any CPU.Build.0 = Release|Any CPU
		{9D5CA7A7-EEA2-422D-B5EC-F148B8E311A1}.Debug|Any CPU.ActiveCfg = Debug|Any CPU
		{9D5CA7A7-EEA2-422D-B5EC-F148B8E311A1}.Debug|Any CPU.Build.0 = Debug|Any CPU
		{9D5CA7A7-EEA2-422D-B5EC-F148B8E311A1}.Release|Any CPU.ActiveCfg = Release|Any CPU
		{9D5CA7A7-EEA2-422D-B5EC-F148B8E311A1}.Release|Any CPU.Build.0 = Release|Any CPU
	EndGlobalSection
	GlobalSection(SolutionProperties) = preSolution
		HideSolutionNode = FALSE
	EndGlobalSection
	GlobalSection(NestedProjects) = preSolution
		{05679B78-13A6-4C8D-9FD2-A6B63CF19FCC} = {ACF8E11E-B8E9-4029-908C-78292FAFEAEC}
		{3C7FA857-B311-4E53-AF47-6AB08FA394F7} = {ACF8E11E-B8E9-4029-908C-78292FAFEAEC}
		{51047FF8-1D84-486F-BC58-F6CDC7B0F74F} = {05679B78-13A6-4C8D-9FD2-A6B63CF19FCC}
		{142C904B-6790-44AD-9154-4F82A81F0B46} = {1B0D3F94-69AE-46F6-BF27-A5644F343E74}
		{9D5CA7A7-EEA2-422D-B5EC-F148B8E311A1} = {60A7B892-B046-4C15-8CA3-1EF9D547AFC3}
	EndGlobalSection
	GlobalSection(ExtensibilityGlobals) = postSolution
		SolutionGuid = {F1BECA2C-FA0A-4F12-A594-0BBA4A575098}
	EndGlobalSection
EndGlobal
